{
	"lockfileVersion": 1,
	"configVersion": 1,
	"workspaces": {
		"": {
			"name": "prettier-config",
			"dependencies": {
				"prettier-plugin-tailwindcss": "^0.7.2"
			},
			"devDependencies": {
				"@types/bun": "latest"
			},
			"peerDependencies": {
				"prettier": "^3.8.1"
			}
		}
	},
	"packages": {
		"@types/bun": [
			"@types/bun@1.3.10",
			"",
			{ "dependencies": { "bun-types": "1.3.10" } },
			"sha512-0+rlrUrOrTSskibryHbvQkDOWRJwJZqZlxrUs1u4oOoTln8+WIXBPmAuCF35SWB2z4Zl3E84Nl/D0P7803nigQ=="
		],

		"@types/node": [
			"@types/node@25.5.0",
			"",
			{ "dependencies": { "undici-types": "~7.18.0" } },
			"sha512-jp2P3tQMSxWugkCUKLRPVUpGaL5MVFwF8RDuSRztfwgN1wmqJeMSbKlnEtQqU8UrhTmzEmZdu2I6v2dpp7XIxw=="
		],

		"bun-types": [
			"bun-types@1.3.10",
			"",
			{ "dependencies": { "@types/node": "*" } },
			"sha512-tcpfCCl6XWo6nCVnpcVrxQ+9AYN1iqMIzgrSKYMB/fjLtV2eyAVEg7AxQJuCq/26R6HpKWykQXuSOq/21RYcbg=="
		],

		"prettier": [
			"prettier@3.8.1",
			"",
			{ "bin": { "prettier": "bin/prettier.cjs" } },
			"sha512-UOnG6LftzbdaHZcKoPFtOcCKztrQ57WkHDeRD9t/PTQtmT0NHSeWWepj6pS0z/N7+08BHFDQVUrfmfMRcZwbMg=="
		],

		"prettier-plugin-tailwindcss": [
			"prettier-plugin-tailwindcss@0.7.2",
			"",
			{
				"peerDependencies": {
					"@ianvs/prettier-plugin-sort-imports": "*",
					"@prettier/plugin-hermes": "*",
					"@prettier/plugin-oxc": "*",
					"@prettier/plugin-pug": "*",
					"@shopify/prettier-plugin-liquid": "*",
					"@trivago/prettier-plugin-sort-imports": "*",
					"@zackad/prettier-plugin-twig": "*",
					"prettier": "^3.0",
					"prettier-plugin-astro": "*",
					"prettier-plugin-css-order": "*",
					"prettier-plugin-jsdoc": "*",
					"prettier-plugin-marko": "*",
					"prettier-plugin-multiline-arrays": "*",
					"prettier-plugin-organize-attributes": "*",
					"prettier-plugin-organize-imports": "*",
					"prettier-plugin-sort-imports": "*",
					"prettier-plugin-svelte": "*"
				},
				"optionalPeers": [
					"@ianvs/prettier-plugin-sort-imports",
					"@prettier/plugin-hermes",
					"@prettier/plugin-oxc",
					"@prettier/plugin-pug",
					"@shopify/prettier-plugin-liquid",
					"@trivago/prettier-plugin-sort-imports",
					"@zackad/prettier-plugin-twig",
					"prettier-plugin-astro",
					"prettier-plugin-css-order",
					"prettier-plugin-jsdoc",
					"prettier-plugin-marko",
					"prettier-plugin-multiline-arrays",
					"prettier-plugin-organize-attributes",
					"prettier-plugin-organize-imports",
					"prettier-plugin-sort-imports",
					"prettier-plugin-svelte"
				]
			},
			"sha512-LkphyK3Fw+q2HdMOoiEHWf93fNtYJwfamoKPl7UwtjFQdei/iIBoX11G6j706FzN3ymX9mPVi97qIY8328vdnA=="
		],

		"undici-types": [
			"undici-types@7.18.2",
			"",
			{},
			"sha512-AsuCzffGHJybSaRrmr5eHr81mwJU3kjw6M+uprWvCXiNeN9SOGwQ3Jn8jb8m3Z6izVgknn1R0FTCEAP2QrLY/w=="
		]
	}
}
